DEPENDENCIES
  elrond
    git: https://github.com/mr-staker/elrond-cookbook
    revision: 3e844c8facb1063b38a63dc684fddb8c4dc8b0e6
    branch: main
  role-host001
    path: role-host001

GRAPH
  elrond (1.0.0)
    firewalld (~> 1.2.1)
  firewalld (1.2.1)
  role-host001 (1.0.0)
    elrond (>= 0.0.0)
