DEPENDENCIES
  elrond
    git: https://github.com/mr-staker/elrond-cookbook
    revision: eb3bc225045891864eea976c666662058abe8a7b
    branch: main
  role-host001
    path: role-host001

GRAPH
  elrond (1.0.0)
    firewalld (~> 1.2.1)
  firewalld (1.2.1)
  role-host001 (1.0.0)
    elrond (>= 0.0.0)
