DEPENDENCIES
  elrond
    git: https://github.com/mr-staker/elrond-cookbook
    revision: 09f9ec9804c09c6e903dd413426faf6d16cf6e19
    branch: main
  role-host001
    path: role-host001

GRAPH
  elrond (1.0.0)
    firewalld (~> 1.2.1)
  firewalld (1.2.1)
  role-host001 (1.0.0)
    elrond (>= 0.0.0)
